
Microsoft Visual Studio Solution File, Format Version 12.00
# Visual Studio Version 17
VisualStudioVersion = 17.4.33205.214
MinimumVisualStudioVersion = 10.0.40219.1
Project("{FAE04EC0-301F-11D3-BF4B-00C04F79EFBC}") = "JsonSnakeCaseNamingPolicy", "JsonSnakeCaseNamingPolicy\JsonSnakeCaseNamingPolicy.csproj", "{1C8B8A76-19FD-445C-A382-5984515B3155}"
EndProject
Global
	GlobalSection(SolutionConfigurationPlatforms) = preSolution
		Debug|Any CPU = Debug|Any CPU
		Release|Any CPU = Release|Any CPU
	EndGlobalSection
	GlobalSection(ProjectConfigurationPlatforms) = postSolution
		{1C8B8A76-19FD-445C-A382-5984515B3155}.Debug|Any CPU.ActiveCfg = Debug|Any CPU
		{1C8B8A76-19FD-445C-A382-5984515B3155}.Debug|Any CPU.Build.0 = Debug|Any CPU
		{1C8B8A76-19FD-445C-A382-5984515B3155}.Release|Any CPU.ActiveCfg = Release|Any CPU
		{1C8B8A76-19FD-445C-A382-5984515B3155}.Release|Any CPU.Build.0 = Release|Any CPU
	EndGlobalSection
	GlobalSection(SolutionProperties) = preSolution
		HideSolutionNode = FALSE
	EndGlobalSection
	GlobalSection(ExtensibilityGlobals) = postSolution
		SolutionGuid = {B038A215-CAC3-45E0-8512-F0ECF279266E}
	EndGlobalSection
EndGlobal
